// !$*UTF8*$!
{
	archiveVersion = 1;
	classes = {
	};
	objectVersion = 46;
	objects = {

/* Begin PBXBuildFile section */
		74C8DB3E7B4CC5C9471C9BD3 /* Pods_GoogleMapsIntro.framework in Frameworks */ = {isa = PBXBuildFile; fileRef = 23A55F94B4235E59F34244B1 /* Pods_GoogleMapsIntro.framework */; };
		AA2B9A6F1D281C3A005A4E3F /* main.m in Sources */ = {isa = PBXBuildFile; fileRef = AA2B9A6E1D281C3A005A4E3F /* main.m */; };
		AA2B9A721D281C3A005A4E3F /* AppDelegate.m in Sources */ = {isa = PBXBuildFile; fileRef = AA2B9A711D281C3A005A4E3F /* AppDelegate.m */; };
		AA2B9A751D281C3A005A4E3F /* Start.m in Sources */ = {isa = PBXBuildFile; fileRef = AA2B9A741D281C3A005A4E3F /* Start.m */; };
		AA2B9A781D281C3A005A4E3F /* Main.storyboard in Resources */ = {isa = PBXBuildFile; fileRef = AA2B9A761D281C3A005A4E3F /* Main.storyboard */; };
		AA2B9A7B1D281C3A005A4E3F /* GoogleMapsIntro.xcdatamodeld in Sources */ = {isa = PBXBuildFile; fileRef = AA2B9A791D281C3A005A4E3F /* GoogleMapsIntro.xcdatamodeld */; };
		AA2B9A7D1D281C3A005A4E3F /* Assets.xcassets in Resources */ = {isa = PBXBuildFile; fileRef = AA2B9A7C1D281C3A005A4E3F /* Assets.xcassets */; };
		AA2B9A801D281C3A005A4E3F /* LaunchScreen.storyboard in Resources */ = {isa = PBXBuildFile; fileRef = AA2B9A7E1D281C3A005A4E3F /* LaunchScreen.storyboard */; };
		AA2B9A8A1D28206B005A4E3F /* Podfile in Resources */ = {isa = PBXBuildFile; fileRef = AA2B9A891D28206B005A4E3F /* Podfile */; };
/* End PBXBuildFile section */

/* Begin PBXFileReference section */
		23A55F94B4235E59F34244B1 /* Pods_GoogleMapsIntro.framework */ = {isa = PBXFileReference; explicitFileType = wrapper.framework; includeInIndex = 0; path = Pods_GoogleMapsIntro.framework; sourceTree = BUILT_PRODUCTS_DIR; };
		627B78054B9EADF323B70DB3 /* Pods-GoogleMapsIntro.debug.xcconfig */ = {isa = PBXFileReference; includeInIndex = 1; lastKnownFileType = text.xcconfig; name = "Pods-GoogleMapsIntro.debug.xcconfig"; path = "Pods/Target Support Files/Pods-GoogleMapsIntro/Pods-GoogleMapsIntro.debug.xcconfig"; sourceTree = "<group>"; };
		923399258EEB81F1BDF5D029 /* Pods-GoogleMapsIntro.release.xcconfig */ = {isa = PBXFileReference; includeInIndex = 1; lastKnownFileType = text.xcconfig; name = "Pods-GoogleMapsIntro.release.xcconfig"; path = "Pods/Target Support Files/Pods-GoogleMapsIntro/Pods-GoogleMapsIntro.release.xcconfig"; sourceTree = "<group>"; };
		AA2B9A6A1D281C3A005A4E3F /* GoogleMapsIntro.app */ = {isa = PBXFileReference; explicitFileType = wrapper.application; includeInIndex = 0; path = GoogleMapsIntro.app; sourceTree = BUILT_PRODUCTS_DIR; };
		AA2B9A6E1D281C3A005A4E3F /* main.m */ = {isa = PBXFileReference; lastKnownFileType = sourcecode.c.objc; path = main.m; sourceTree = "<group>"; };
		AA2B9A701D281C3A005A4E3F /* AppDelegate.h */ = {isa = PBXFileReference; lastKnownFileType = sourcecode.c.h; path = AppDelegate.h; sourceTree = "<group>"; };
		AA2B9A711D281C3A005A4E3F /* AppDelegate.m */ = {isa = PBXFileReference; lastKnownFileType = sourcecode.c.objc; path = AppDelegate.m; sourceTree = "<group>"; };
		AA2B9A731D281C3A005A4E3F /* Start.h */ = {isa = PBXFileReference; lastKnownFileType = sourcecode.c.h; path = Start.h; sourceTree = "<group>"; };
		AA2B9A741D281C3A005A4E3F /* Start.m */ = {isa = PBXFileReference; lastKnownFileType = sourcecode.c.objc; path = Start.m; sourceTree = "<group>"; };
		AA2B9A771D281C3A005A4E3F /* Base */ = {isa = PBXFileReference; lastKnownFileType = file.storyboard; name = Base; path = Base.lproj/Main.storyboard; sourceTree = "<group>"; };
		AA2B9A7A1D281C3A005A4E3F /* GoogleMapsIntro.xcdatamodel */ = {isa = PBXFileReference; lastKnownFileType = wrapper.xcdatamodel; path = GoogleMapsIntro.xcdatamodel; sourceTree = "<group>"; };
		AA2B9A7C1D281C3A005A4E3F /* Assets.xcassets */ = {isa = PBXFileReference; lastKnownFileType = folder.assetcatalog; path = Assets.xcassets; sourceTree = "<group>"; };
		AA2B9A7F1D281C3A005A4E3F /* Base */ = {isa = PBXFileReference; lastKnownFileType = file.storyboard; name = Base; path = Base.lproj/LaunchScreen.storyboard; sourceTree = "<group>"; };
		AA2B9A811D281C3A005A4E3F /* Info.plist */ = {isa = PBXFileReference; lastKnownFileType = text.plist.xml; path = Info.plist; sourceTree = "<group>"; };
		AA2B9A891D28206B005A4E3F /* Podfile */ = {isa = PBXFileReference; fileEncoding = 4; lastKnownFileType = text; path = Podfile; sourceTree = SOURCE_ROOT; xcLanguageSpecificationIdentifier = xcode.lang.ruby; };
/* End PBXFileReference section */

/* Begin PBXFrameworksBuildPhase section */
		AA2B9A671D281C3A005A4E3F /* Frameworks */ = {
			isa = PBXFrameworksBuildPhase;
			buildActionMask = 2147483647;
			files = (
				74C8DB3E7B4CC5C9471C9BD3 /* Pods_GoogleMapsIntro.framework in Frameworks */,
			);
			runOnlyForDeploymentPostprocessing = 0;
		};
/* End PBXFrameworksBuildPhase section */

/* Begin PBXGroup section */
		831C516301A75EE5A9701F9B /* Pods */ = {
			isa = PBXGroup;
			children = (
				627B78054B9EADF323B70DB3 /* Pods-GoogleMapsIntro.debug.xcconfig */,
				923399258EEB81F1BDF5D029 /* Pods-GoogleMapsIntro.release.xcconfig */,
			);
			name = Pods;
			sourceTree = "<group>";
		};
		AA2B9A611D281C3A005A4E3F = {
			isa = PBXGroup;
			children = (
				AA2B9A6C1D281C3A005A4E3F /* GoogleMapsIntro */,
				AA2B9A6B1D281C3A005A4E3F /* Products */,
				831C516301A75EE5A9701F9B /* Pods */,
				E8CE199D48A79AF0BD3B27F4 /* Frameworks */,
			);
			sourceTree = "<group>";
		};
		AA2B9A6B1D281C3A005A4E3F /* Products */ = {
			isa = PBXGroup;
			children = (
				AA2B9A6A1D281C3A005A4E3F /* GoogleMapsIntro.app */,
			);
			name = Products;
			sourceTree = "<group>";
		};
		AA2B9A6C1D281C3A005A4E3F /* GoogleMapsIntro */ = {
			isa = PBXGroup;
			children = (
				AA2B9A881D281C4F005A4E3F /* Main */,
				AA2B9A871D281C47005A4E3F /* Controllers */,
				AA2B9A761D281C3A005A4E3F /* Main.storyboard */,
				AA2B9A7C1D281C3A005A4E3F /* Assets.xcassets */,
				AA2B9A7E1D281C3A005A4E3F /* LaunchScreen.storyboard */,
				AA2B9A811D281C3A005A4E3F /* Info.plist */,
				AA2B9A791D281C3A005A4E3F /* GoogleMapsIntro.xcdatamodeld */,
				AA2B9A6D1D281C3A005A4E3F /* Supporting Files */,
				AA2B9A891D28206B005A4E3F /* Podfile */,
			);
			path = GoogleMapsIntro;
			sourceTree = "<group>";
		};
		AA2B9A6D1D281C3A005A4E3F /* Supporting Files */ = {
			isa = PBXGroup;
			children = (
				AA2B9A6E1D281C3A005A4E3F /* main.m */,
			);
			name = "Supporting Files";
			sourceTree = "<group>";
		};
		AA2B9A871D281C47005A4E3F /* Controllers */ = {
			isa = PBXGroup;
			children = (
				AA2B9A731D281C3A005A4E3F /* Start.h */,
				AA2B9A741D281C3A005A4E3F /* Start.m */,
			);
			name = Controllers;
			sourceTree = "<group>";
		};
		AA2B9A881D281C4F005A4E3F /* Main */ = {
			isa = PBXGroup;
			children = (
				AA2B9A701D281C3A005A4E3F /* AppDelegate.h */,
				AA2B9A711D281C3A005A4E3F /* AppDelegate.m */,
			);
			name = Main;
			sourceTree = "<group>";
		};
		E8CE199D48A79AF0BD3B27F4 /* Frameworks */ = {
			isa = PBXGroup;
			children = (
				23A55F94B4235E59F34244B1 /* Pods_GoogleMapsIntro.framework */,
			);
			name = Frameworks;
			sourceTree = "<group>";
		};
/* End PBXGroup section */

/* Begin PBXNativeTarget section */
		AA2B9A691D281C3A005A4E3F /* GoogleMapsIntro */ = {
			isa = PBXNativeTarget;
			buildConfigurationList = AA2B9A841D281C3A005A4E3F /* Build configuration list for PBXNativeTarget "GoogleMapsIntro" */;
			buildPhases = (
				771D143539A6B77EF75B0573 /* [CP] Check Pods Manifest.lock */,
				AA2B9A661D281C3A005A4E3F /* Sources */,
				AA2B9A671D281C3A005A4E3F /* Frameworks */,
				AA2B9A681D281C3A005A4E3F /* Resources */,
				BA9906C969C88F5FE7977BB4 /* [CP] Embed Pods Frameworks */,
				D47466ECA9987767BE53AE2C /* [CP] Copy Pods Resources */,
			);
			buildRules = (
			);
			dependencies = (
			);
			name = GoogleMapsIntro;
			productName = GoogleMapsIntro;
			productReference = AA2B9A6A1D281C3A005A4E3F /* GoogleMapsIntro.app */;
			productType = "com.apple.product-type.application";
		};
/* End PBXNativeTarget section */

/* Begin PBXProject section */
		AA2B9A621D281C3A005A4E3F /* Project object */ = {
			isa = PBXProject;
			attributes = {
				LastUpgradeCheck = 0730;
				ORGANIZATIONNAME = "Christian Barragan";
				TargetAttributes = {
					AA2B9A691D281C3A005A4E3F = {
						CreatedOnToolsVersion = 7.3.1;
						DevelopmentTeam = RS366PBKK3;
					};
				};
			};
			buildConfigurationList = AA2B9A651D281C3A005A4E3F /* Build configuration list for PBXProject "GoogleMapsIntro" */;
			compatibilityVersion = "Xcode 3.2";
			developmentRegion = English;
			hasScannedForEncodings = 0;
			knownRegions = (
				en,
				Base,
			);
			mainGroup = AA2B9A611D281C3A005A4E3F;
			productRefGroup = AA2B9A6B1D281C3A005A4E3F /* Products */;
			projectDirPath = "";
			projectRoot = "";
			targets = (
				AA2B9A691D281C3A005A4E3F /* GoogleMapsIntro */,
			);
		};
/* End PBXProject section */

/* Begin PBXResourcesBuildPhase section */
		AA2B9A681D281C3A005A4E3F /* Resources */ = {
			isa = PBXResourcesBuildPhase;
			buildActionMask = 2147483647;
			files = (
				AA2B9A801D281C3A005A4E3F /* LaunchScreen.storyboard in Resources */,
				AA2B9A7D1D281C3A005A4E3F /* Assets.xcassets in Resources */,
				AA2B9A8A1D28206B005A4E3F /* Podfile in Resources */,
				AA2B9A781D281C3A005A4E3F /* Main.storyboard in Resources */,
			);
			runOnlyForDeploymentPostprocessing = 0;
		};
/* End PBXResourcesBuildPhase section */

/* Begin PBXShellScriptBuildPhase section */
		771D143539A6B77EF75B0573 /* [CP] Check Pods Manifest.lock */ = {
			isa = PBXShellScriptBuildPhase;
			buildActionMask = 2147483647;
			files = (
			);
			inputPaths = (
			);
			name = "[CP] Check Pods Manifest.lock";
			outputPaths = (
			);
			runOnlyForDeploymentPostprocessing = 0;
			shellPath = /bin/sh;
			shellScript = "diff \"${PODS_ROOT}/../Podfile.lock\" \"${PODS_ROOT}/Manifest.lock\" > /dev/null\nif [[ $? != 0 ]] ; then\n    cat << EOM\nerror: The sandbox is not in sync with the Podfile.lock. Run 'pod install' or update your CocoaPods installation.\nEOM\n    exit 1\nfi\n";
			showEnvVarsInLog = 0;
		};
		BA9906C969C88F5FE7977BB4 /* [CP] Embed Pods Frameworks */ = {
			isa = PBXShellScriptBuildPhase;
			buildActionMask = 2147483647;
			files = (
			);
			inputPaths = (
			);
			name = "[CP] Embed Pods Frameworks";
			outputPaths = (
			);
			runOnlyForDeploymentPostprocessing = 0;
			shellPath = /bin/sh;
			shellScript = "\"${SRCROOT}/Pods/Target Support Files/Pods-GoogleMapsIntro/Pods-GoogleMapsIntro-frameworks.sh\"\n";
			showEnvVarsInLog = 0;
		};
		D47466ECA9987767BE53AE2C /* [CP] Copy Pods Resources */ = {
			isa = PBXShellScriptBuildPhase;
			buildActionMask = 2147483647;
			files = (
			);
			inputPaths = (
			);
			name = "[CP] Copy Pods Resources";
			outputPaths = (
			);
			runOnlyForDeploymentPostprocessing = 0;
			shellPath = /bin/sh;
			shellScript = "\"${SRCROOT}/Pods/Target Support Files/Pods-GoogleMapsIntro/Pods-GoogleMapsIntro-resources.sh\"\n";
			showEnvVarsInLog = 0;
		};
/* End PBXShellScriptBuildPhase section */

/* Begin PBXSourcesBuildPhase section */
		AA2B9A661D281C3A005A4E3F /* Sources */ = {
			isa = PBXSourcesBuildPhase;
			buildActionMask = 2147483647;
			files = (
				AA2B9A751D281C3A005A4E3F /* Start.m in Sources */,
				AA2B9A721D281C3A005A4E3F /* AppDelegate.m in Sources */,
				AA2B9A7B1D281C3A005A4E3F /* GoogleMapsIntro.xcdatamodeld in Sources */,
				AA2B9A6F1D281C3A005A4E3F /* main.m in Sources */,
			);
			runOnlyForDeploymentPostprocessing = 0;
		};
/* End PBXSourcesBuildPhase section */

/* Begin PBXVariantGroup section */
		AA2B9A761D281C3A005A4E3F /* Main.storyboard */ = {
			isa = PBXVariantGroup;
			children = (
				AA2B9A771D281C3A005A4E3F /* Base */,
			);
			name = Main.storyboard;
			sourceTree = "<group>";
		};
		AA2B9A7E1D281C3A005A4E3F /* LaunchScreen.storyboard */ = {
			isa = PBXVariantGroup;
			children = (
				AA2B9A7F1D281C3A005A4E3F /* Base */,
			);
			name = LaunchScreen.storyboard;
			sourceTree = "<group>";
		};
/* End PBXVariantGroup section */

/* Begin XCBuildConfiguration section */
		AA2B9A821D281C3A005A4E3F /* Debug */ = {
			isa = XCBuildConfiguration;
			buildSettings = {
				ALWAYS_SEARCH_USER_PATHS = NO;
				CLANG_ANALYZER_NONNULL = YES;
				CLANG_CXX_LANGUAGE_STANDARD = "gnu++0x";
				CLANG_CXX_LIBRARY = "libc++";
				CLANG_ENABLE_MODULES = YES;
				CLANG_ENABLE_OBJC_ARC = YES;
				CLANG_WARN_BOOL_CONVERSION = YES;
				CLANG_WARN_CONSTANT_CONVERSION = YES;
				CLANG_WARN_DIRECT_OBJC_ISA_USAGE = YES_ERROR;
				CLANG_WARN_EMPTY_BODY = YES;
				CLANG_WARN_ENUM_CONVERSION = YES;
				CLANG_WARN_INT_CONVERSION = YES;
				CLANG_WARN_OBJC_ROOT_CLASS = YES_ERROR;
				CLANG_WARN_UNREACHABLE_CODE = YES;
				CLANG_WARN__DUPLICATE_METHOD_MATCH = YES;
				"CODE_SIGN_IDENTITY[sdk=iphoneos*]" = "iPhone Developer";
				COPY_PHASE_STRIP = NO;
				DEBUG_INFORMATION_FORMAT = dwarf;
				ENABLE_STRICT_OBJC_MSGSEND = YES;
				ENABLE_TESTABILITY = YES;
				GCC_C_LANGUAGE_STANDARD = gnu99;
				GCC_DYNAMIC_NO_PIC = NO;
				GCC_NO_COMMON_BLOCKS = YES;
				GCC_OPTIMIZATION_LEVEL = 0;
				GCC_PREPROCESSOR_DEFINITIONS = (
					"DEBUG=1",
					"$(inherited)",
				);
				GCC_WARN_64_TO_32_BIT_CONVERSION = YES;
				GCC_WARN_ABOUT_RETURN_TYPE = YES_ERROR;
				GCC_WARN_UNDECLARED_SELECTOR = YES;
				GCC_WARN_UNINITIALIZED_AUTOS = YES_AGGRESSIVE;
				GCC_WARN_UNUSED_FUNCTION = YES;
				GCC_WARN_UNUSED_VARIABLE = YES;
				IPHONEOS_DEPLOYMENT_TARGET = 9.3;
				MTL_ENABLE_DEBUG_INFO = YES;
				ONLY_ACTIVE_ARCH = YES;
				SDKROOT = iphoneos;
			};
			name = Debug;
		};
		AA2B9A831D281C3A005A4E3F /* Release */ = {
			isa = XCBuildConfiguration;
			buildSettings = {
				ALWAYS_SEARCH_USER_PATHS = NO;
				CLANG_ANALYZER_NONNULL = YES;
				CLANG_CXX_LANGUAGE_STANDARD = "gnu++0x";
				CLANG_CXX_LIBRARY = "libc++";
				CLANG_ENABLE_MODULES = YES;
				CLANG_ENABLE_OBJC_ARC = YES;
				CLANG_WARN_BOOL_CONVERSION = YES;
				CLANG_WARN_CONSTANT_CONVERSION = YES;
				CLANG_WARN_DIRECT_OBJC_ISA_USAGE = YES_ERROR;
				CLANG_WARN_EMPTY_BODY = YES;
				CLANG_WARN_ENUM_CONVERSION = YES;
				CLANG_WARN_INT_CONVERSION = YES;
				CLANG_WARN_OBJC_ROOT_CLASS = YES_ERROR;
				CLANG_WARN_UNREACHABLE_CODE = YES;
				CLANG_WARN__DUPLICATE_METHOD_MATCH = YES;
				"CODE_SIGN_IDENTITY[sdk=iphoneos*]" = "iPhone Developer";
				COPY_PHASE_STRIP = NO;
				DEBUG_INFORMATION_FORMAT = "dwarf-with-dsym";
				ENABLE_NS_ASSERTIONS = NO;
				ENABLE_STRICT_OBJC_MSGSEND = YES;
				GCC_C_LANGUAGE_STANDARD = gnu99;
				GCC_NO_COMMON_BLOCKS = YES;
				GCC_WARN_64_TO_32_BIT_CONVERSION = YES;
				GCC_WARN_ABOUT_RETURN_TYPE = YES_ERROR;
				GCC_WARN_UNDECLARED_SELECTOR = YES;
				GCC_WARN_UNINITIALIZED_AUTOS = YES_AGGRESSIVE;
				GCC_WARN_UNUSED_FUNCTION = YES;
				GCC_WARN_UNUSED_VARIABLE = YES;
				IPHONEOS_DEPLOYMENT_TARGET = 9.3;
				MTL_ENABLE_DEBUG_INFO = NO;
				SDKROOT = iphoneos;
				VALIDATE_PRODUCT = YES;
			};
			name = Release;
		};
		AA2B9A851D281C3A005A4E3F /* Debug */ = {
			isa = XCBuildConfiguration;
			baseConfigurationReference = 627B78054B9EADF323B70DB3 /* Pods-GoogleMapsIntro.debug.xcconfig */;
			buildSettings = {
				ASSETCATALOG_COMPILER_APPICON_NAME = AppIcon;
				CODE_SIGN_IDENTITY = "iPhone Developer";
				"CODE_SIGN_IDENTITY[sdk=iphoneos*]" = "iPhone Developer";
				INFOPLIST_FILE = GoogleMapsIntro/Info.plist;
				LD_RUNPATH_SEARCH_PATHS = "$(inherited) @executable_path/Frameworks";
				PRODUCT_BUNDLE_IDENTIFIER = com.barragan.GoogleMapsIntro;
				PRODUCT_NAME = "$(TARGET_NAME)";
				PROVISIONING_PROFILE = "";
			};
			name = Debug;
		};
		AA2B9A861D281C3A005A4E3F /* Release */ = {
			isa = XCBuildConfiguration;
			baseConfigurationReference = 923399258EEB81F1BDF5D029 /* Pods-GoogleMapsIntro.release.xcconfig */;
			buildSettings = {
				ASSETCATALOG_COMPILER_APPICON_NAME = AppIcon;
				CODE_SIGN_IDENTITY = "iPhone Developer";
				"CODE_SIGN_IDENTITY[sdk=iphoneos*]" = "iPhone Developer";
				INFOPLIST_FILE = GoogleMapsIntro/Info.plist;
				LD_RUNPATH_SEARCH_PATHS = "$(inherited) @executable_path/Frameworks";
				PRODUCT_BUNDLE_IDENTIFIER = com.barragan.GoogleMapsIntro;
				PRODUCT_NAME = "$(TARGET_NAME)";
				PROVISIONING_PROFILE = "";
			};
			name = Release;
		};
/* End XCBuildConfiguration section */

/* Begin XCConfigurationList section */
		AA2B9A651D281C3A005A4E3F /* Build configuration list for PBXProject "GoogleMapsIntro" */ = {
			isa = XCConfigurationList;
			buildConfigurations = (
				AA2B9A821D281C3A005A4E3F /* Debug */,
				AA2B9A831D281C3A005A4E3F /* Release */,
			);
			defaultConfigurationIsVisible = 0;
			defaultConfigurationName = Release;
		};
		AA2B9A841D281C3A005A4E3F /* Build configuration list for PBXNativeTarget "GoogleMapsIntro" */ = {
			isa = XCConfigurationList;
			buildConfigurations = (
				AA2B9A851D281C3A005A4E3F /* Debug */,
				AA2B9A861D281C3A005A4E3F /* Release */,
			);
			defaultConfigurationIsVisible = 0;
			defaultConfigurationName = Release;
		};
/* End XCConfigurationList section */

/* Begin XCVersionGroup section */
		AA2B9A791D281C3A005A4E3F /* GoogleMapsIntro.xcdatamodeld */ = {
			isa = XCVersionGroup;
			children = (
				AA2B9A7A1D281C3A005A4E3F /* GoogleMapsIntro.xcdatamodel */,
			);
			currentVersion = AA2B9A7A1D281C3A005A4E3F /* GoogleMapsIntro.xcdatamodel */;
			path = GoogleMapsIntro.xcdatamodeld;
			sourceTree = "<group>";
			versionGroupType = wrapper.xcdatamodel;
		};
/* End XCVersionGroup section */
	};
	rootObject = AA2B9A621D281C3A005A4E3F /* Project object */;
}
